Microsoft Visual Studio Solution File, Format Version 12.00
# Visual Studio Version 17
VisualStudioVersion = 17.5.2.0
MinimumVisualStudioVersion = 10.0.40219.1
Project("{FAE04EC0-301F-11D3-BF4B-00C04F79EFBC}") = "CSHARP_TRAINING", "CSHARP_TRAINING.csproj", "{AE1C227C-36E8-9BC0-2BC4-D9177018036E}"
EndProject
Global
	GlobalSection(SolutionConfigurationPlatforms) = preSolution
		Debug|Any CPU = Debug|Any CPU
		Release|Any CPU = Release|Any CPU
	EndGlobalSection
	GlobalSection(ProjectConfigurationPlatforms) = postSolution
		{AE1C227C-36E8-9BC0-2BC4-D9177018036E}.Debug|Any CPU.ActiveCfg = Debug|Any CPU
		{AE1C227C-36E8-9BC0-2BC4-D9177018036E}.Debug|Any CPU.Build.0 = Debug|Any CPU
		{AE1C227C-36E8-9BC0-2BC4-D9177018036E}.Release|Any CPU.ActiveCfg = Release|Any CPU
		{AE1C227C-36E8-9BC0-2BC4-D9177018036E}.Release|Any CPU.Build.0 = Release|Any CPU
	EndGlobalSection
	GlobalSection(SolutionProperties) = preSolution
		HideSolutionNode = FALSE
	EndGlobalSection
	GlobalSection(ExtensibilityGlobals) = postSolution
		SolutionGuid = {2DE32DE6-AB00-4E3F-A313-EEDB1BEF31B9}
	EndGlobalSection
EndGlobal
